# GENERATED by install_python_tools.sh --lock. Do not hand-edit.
# Exact resolved tree of /opt/astro-venv, python 3.13.14.
# Re-install elsewhere with: pip install -r requirements.lock
astropy==8.0.1
astropy-iers-data==0.2026.7.13.0.54.2
future==1.0.0
GalSim==2.8.5
LSSTDESC.Coord==1.3.1
mpmath==1.3.0
numpy==2.3.5
packaging==26.2
pillow==12.2.0
pybind11==3.1.0
pyerfa==2.0.1.5
PyYAML==6.0.3
scipy==1.17.1
setuptools==80.9.0
sip_tpv==1.1
sympy==1.14.0
