# GENERATED by install_python_tools.sh --lock. Do not hand-edit.
# Exact resolved tree of /opt/astro-venv, python 3.13.14.
# Re-install elsewhere with: pip install -r requirements.lock
astropy==8.0.1
astropy-iers-data==0.2026.7.13.0.54.2
astropy_healpix==2.0.1
astroquery==0.4.11
beautifulsoup4==4.15.0
certifi==2026.7.22
cffi==2.1.1
charset-normalizer==3.5.0
click==8.4.2
cloudpickle==3.1.2
contourpy==1.3.3
cryptography==50.0.0
cycler==0.12.1
dask==2026.7.1
dask-image==2026.5.0
donfig==0.8.1.post1
fitsio==1.4.2
fonttools==4.63.0
fsspec==2026.7.0
future==1.0.0
GalSim==2.8.5
google-crc32c==1.8.0
html5lib==1.1
idna==3.18
ImageIO==2.37.4
iminuit==2.32.0
jaraco.classes==3.4.0
jaraco.context==6.1.2
jaraco.functools==4.6.0
jeepney==0.9.0
joblib==1.5.3
keyring==25.7.0
kiwisolver==1.5.0
locket==1.0.0
LSSTDESC.Coord==1.3.1
matplotlib==3.11.1
more-itertools==11.1.0
mpmath==1.3.0
narwhals==2.24.0
numcodecs==0.16.5
numpy==2.3.5
packaging==26.2
partd==1.4.2
Piff==1.6.0
pillow==12.2.0
PIMS==0.7
PyAVM==0.9.9
pybind11==3.1.0
pycparser==3.0
pyerfa==2.0.1.5
pyparsing==3.3.2
python-dateutil==2.9.0.post0
pyvo==1.9.1
PyYAML==6.0.3
reproject==0.21.0
requests==2.34.2
scikit-learn==1.9.0
scipy==1.17.1
SecretStorage==3.5.0
setuptools==80.9.0
sip_tpv==1.1
six==1.17.0
slicerator==1.1.0
soupsieve==2.9.2
sympy==1.14.0
threadpoolctl==3.6.0
tifffile==2026.7.31
toolz==1.1.0
TreeCorr==5.1.3
treegp==1.4.1
typing_extensions==4.16.0
urllib3==2.7.0
webencodings==0.5.1
zarr==3.3.0
